
Microsoft Visual Studio Solution File, Format Version 12.00
# Visual Studio Version 16
VisualStudioVersion = 16.0.31729.503
MinimumVisualStudioVersion = 10.0.40219.1
Project("{9A19103F-16F7-4668-BE54-9A1E7A4F7556}") = "Projeto Site", "Projeto Site\Projeto Site.csproj", "{C24BFF5C-61F2-4F6C-8455-5A79DDCFF848}"
EndProject
Global
	GlobalSection(SolutionConfigurationPlatforms) = preSolution
		Debug|Any CPU = Debug|Any CPU
		Release|Any CPU = Release|Any CPU
	EndGlobalSection
	GlobalSection(ProjectConfigurationPlatforms) = postSolution
		{C24BFF5C-61F2-4F6C-8455-5A79DDCFF848}.Debug|Any CPU.ActiveCfg = Debug|Any CPU
		{C24BFF5C-61F2-4F6C-8455-5A79DDCFF848}.Debug|Any CPU.Build.0 = Debug|Any CPU
		{C24BFF5C-61F2-4F6C-8455-5A79DDCFF848}.Release|Any CPU.ActiveCfg = Release|Any CPU
		{C24BFF5C-61F2-4F6C-8455-5A79DDCFF848}.Release|Any CPU.Build.0 = Release|Any CPU
	EndGlobalSection
	GlobalSection(SolutionProperties) = preSolution
		HideSolutionNode = FALSE
	EndGlobalSection
	GlobalSection(ExtensibilityGlobals) = postSolution
		SolutionGuid = {8A855573-F13F-492A-898A-77027AFE3E89}
	EndGlobalSection
EndGlobal
